github.com/ilius/is/v2 v2.2.0 h1:93UrGhS9uYWLwDKayhtcE1YZHa86xZNrYGwf8b20kzo=
github.com/ilius/is/v2 v2.2.0/go.mod h1:OMGTmQDDc3Svaj3EoQHeNnXHP0R1HCb5u/Hfm7kuYIM=
github.com/lucasb-eyer/go-colorful v1.0.3 h1:QIbQXiugsb+q10B+MI+7DI1oQLdmnep86tWFlaaUAac=
github.com/lucasb-eyer/go-colorful v1.0.3/go.mod h1:R4dSotOR9KMtayYi1e77YzuveK+i7ruzyGqttikkLy0=
